<?xml version="1.0" encoding="utf-8"?>
<Project ToolsVersion="4.0" xmlns="http://schemas.microsoft.com/developer/msbuild/2003">
  <ItemGroup>
    <Filter Include="Network">
      <UniqueIdentifier>{a026418c-3554-47bb-bfa2-1a7b24a2631e}</UniqueIdentifier>
    </Filter>
    <Filter Include="Utils">
      <UniqueIdentifier>{305f6501-e0ba-4896-8331-bd7ad57c9f1f}</UniqueIdentifier>
    </Filter>
    <Filter Include="Dump">
      <UniqueIdentifier>{90007946-cc3f-432c-997c-b4d513424796}</UniqueIdentifier>
    </Filter>
    <Filter Include="Memory">
      <UniqueIdentifier>{099a743a-390c-40f6-81fb-4fff3e38eef5}</UniqueIdentifier>
    </Filter>
    <Filter Include="Network\Event">
      <UniqueIdentifier>{54f13071-8124-41cc-8718-52b1e9b8ddc2}</UniqueIdentifier>
    </Filter>
    <Filter Include="Main">
      <UniqueIdentifier>{8debd9e9-b519-4e08-91e5-3e3de68cdd10}</UniqueIdentifier>
    </Filter>
    <Filter Include="Thread">
      <UniqueIdentifier>{257d132d-0d49-4053-b839-c0392ab5f5cc}</UniqueIdentifier>
    </Filter>
  </ItemGroup>
  <ItemGroup>
    <ClInclude Include="IOCP.h">
      <Filter>Network</Filter>
    </ClInclude>
    <ClInclude Include="Server.h" />
    <ClInclude Include="MiniDump.h">
      <Filter>Dump</Filter>
    </ClInclude>
    <ClInclude Include="AcceptEvent.h">
      <Filter>Network\Event</Filter>
    </ClInclude>
    <ClInclude Include="IocpEvent.h">
      <Filter>Network\Event</Filter>
    </ClInclude>
    <ClInclude Include="SendEvent.h">
      <Filter>Network\Event</Filter>
    </ClInclude>
    <ClInclude Include="RecvEvent.h">
      <Filter>Network\Event</Filter>
    </ClInclude>
    <ClInclude Include="RingBuffer.h">
      <Filter>Memory</Filter>
    </ClInclude>
    <ClInclude Include="CorePch.h">
      <Filter>Main</Filter>
    </ClInclude>
    <ClInclude Include="pch.h">
      <Filter>Main</Filter>
    </ClInclude>
    <ClInclude Include="Types.h">
      <Filter>Main</Filter>
    </ClInclude>
    <ClInclude Include="SocketBase.h">
      <Filter>Network</Filter>
    </ClInclude>
    <ClInclude Include="NetAddress.h">
      <Filter>Network</Filter>
    </ClInclude>
    <ClInclude Include="Session.h">
      <Filter>Network</Filter>
    </ClInclude>
    <ClInclude Include="ListenSocket.h">
      <Filter>Network</Filter>
    </ClInclude>
    <ClInclude Include="RecvBuffer.h">
      <Filter>Network</Filter>
    </ClInclude>
    <ClInclude Include="Buffer.h" />
  </ItemGroup>
  <ItemGroup>
    <ClCompile Include="IOCP.cpp">
      <Filter>Network</Filter>
    </ClCompile>
    <ClCompile Include="Server.cpp" />
    <ClCompile Include="MiniDump.cpp">
      <Filter>Dump</Filter>
    </ClCompile>
    <ClCompile Include="AcceptEvent.cpp">
      <Filter>Network\Event</Filter>
    </ClCompile>
    <ClCompile Include="IocpEvent.cpp">
      <Filter>Network\Event</Filter>
    </ClCompile>
    <ClCompile Include="SendEvent.cpp">
      <Filter>Network\Event</Filter>
    </ClCompile>
    <ClCompile Include="RecvEvent.cpp">
      <Filter>Network\Event</Filter>
    </ClCompile>
    <ClCompile Include="RingBuffer.cpp">
      <Filter>Memory</Filter>
    </ClCompile>
    <ClCompile Include="CorePch.cpp">
      <Filter>Main</Filter>
    </ClCompile>
    <ClCompile Include="pch.cpp">
      <Filter>Main</Filter>
    </ClCompile>
    <ClCompile Include="SocketBase.cpp">
      <Filter>Network</Filter>
    </ClCompile>
    <ClCompile Include="NetAddress.cpp">
      <Filter>Network</Filter>
    </ClCompile>
    <ClCompile Include="Session.cpp">
      <Filter>Network</Filter>
    </ClCompile>
    <ClCompile Include="ListenSocket.cpp">
      <Filter>Network</Filter>
    </ClCompile>
    <ClCompile Include="RecvBuffer.cpp">
      <Filter>Network</Filter>
    </ClCompile>
    <ClCompile Include="Buffer.cpp" />
  </ItemGroup>
</Project>